# This file is automatically @generated by Cargo.
# It is not intended for manual editing.
version = 4

[[package]]
name = "aura-ast"
version = "0.1.0"
dependencies = [
 "aura-span",
]

[[package]]
name = "aura-diagnostics"
version = "0.1.0"
dependencies = [
 "aura-span",
]

[[package]]
name = "aura-driver"
version = "0.1.0"
dependencies = [
 "aura-diagnostics",
 "aura-parser",
]

[[package]]
name = "aura-lexer"
version = "0.1.0"
dependencies = [
 "aura-span",
]

[[package]]
name = "aura-parser"
version = "0.1.0"
dependencies = [
 "aura-ast",
 "aura-diagnostics",
 "aura-lexer",
 "aura-span",
]

[[package]]
name = "aura-span"
version = "0.1.0"

[[package]]
name = "aurac"
version = "0.1.0"
dependencies = [
 "aura-diagnostics",
 "aura-driver",
]
