# This file is automatically @generated by Cargo.
# It is not intended for manual editing.
version = 4

[[package]]
name = "aura-ast"
version = "0.1.0-alpha"

[[package]]
name = "aura-cli"
version = "0.1.0-alpha"
dependencies = [
 "aura-ast",
 "aura-codegen",
 "aura-diagnostics",
 "aura-parser",
 "aura-sema",
]

[[package]]
name = "aura-codegen"
version = "0.1.0-alpha"
dependencies = [
 "aura-ast",
 "aura-sema",
]

[[package]]
name = "aura-diagnostics"
version = "0.1.0-alpha"
dependencies = [
 "aura-ast",
]

[[package]]
name = "aura-lexer"
version = "0.1.0-alpha"
dependencies = [
 "aura-ast",
]

[[package]]
name = "aura-parser"
version = "0.1.0-alpha"
dependencies = [
 "aura-ast",
 "aura-lexer",
]

[[package]]
name = "aura-sema"
version = "0.1.0-alpha"
dependencies = [
 "aura-ast",
 "aura-parser",
]
