# This file is automatically @generated by Cargo.
# It is not intended for manual editing.
version = 4

[[package]]
name = "aura-ast"
version = "0.1.0"

[[package]]
name = "aura-cli"
version = "0.1.0"
dependencies = [
 "aura-parser",
]

[[package]]
name = "aura-lexer"
version = "0.1.0"
dependencies = [
 "aura-ast",
]

[[package]]
name = "aura-parser"
version = "0.1.0"
dependencies = [
 "aura-ast",
 "aura-lexer",
]
