# aura.lock — path dependencies and immutable Git pins
# Direct deps match aura.toml; extra path entries are transitive.
# Git pins: name = { version = "…", checksum = "…", source = "git+…", rev = "…" }
# Macro pins: macro_plugin.Name = { path = "…", checksum = "…", source = "plugin" }
demo.iface_a = "../iface_a"
demo.iface_b = "../iface_b"
