# aura.lock — path dependencies and immutable Git pins
# Direct deps match aura.toml; extra path entries are transitive.
# Git pins: name = { version = "…", checksum = "…", source = "git+…", rev = "…" }
# Macro pins: macro_plugin.Name = { path = "…", checksum = "…", source = "plugin" }
std.io = "../../../std/io"
std.json = "../../../std/json"
